// !$*UTF8*$!
{
	archiveVersion = 1;
	classes = {
	};
	objectVersion = 50;
	objects = {

/* Begin PBXBuildFile section */
		3DF00C9BC39F6770E7B80472 /* libPods-atmMapApp.a in Frameworks */ = {isa = PBXBuildFile; fileRef = 01DA9240472BD262586A4B79 /* libPods-atmMapApp.a */; };
		C127BE8F2268CB0D00D27652 /* AppDelegate.swift in Sources */ = {isa = PBXBuildFile; fileRef = C127BE8E2268CB0D00D27652 /* AppDelegate.swift */; };
		C127BE912268CB0D00D27652 /* TableViewController.swift in Sources */ = {isa = PBXBuildFile; fileRef = C127BE902268CB0D00D27652 /* TableViewController.swift */; };
		C127BE962268CB0E00D27652 /* Assets.xcassets in Resources */ = {isa = PBXBuildFile; fileRef = C127BE952268CB0E00D27652 /* Assets.xcassets */; };
		C127BE992268CB0E00D27652 /* LaunchScreen.storyboard in Resources */ = {isa = PBXBuildFile; fileRef = C127BE972268CB0E00D27652 /* LaunchScreen.storyboard */; };
		C127BEA12268CD4B00D27652 /* Atm.swift in Sources */ = {isa = PBXBuildFile; fileRef = C127BEA02268CD4B00D27652 /* Atm.swift */; };
		C127BEA32268CF7800D27652 /* fetchAtmsJSON.swift in Sources */ = {isa = PBXBuildFile; fileRef = C127BEA22268CF7800D27652 /* fetchAtmsJSON.swift */; };
		C127BEB32268E84100D27652 /* TabBarController.swift in Sources */ = {isa = PBXBuildFile; fileRef = C127BEB22268E84100D27652 /* TabBarController.swift */; };
		C127BEB5226907F300D27652 /* Podfile in Resources */ = {isa = PBXBuildFile; fileRef = C127BEB4226907F300D27652 /* Podfile */; };
		C127BEB722690BDA00D27652 /* MapViewController.swift in Sources */ = {isa = PBXBuildFile; fileRef = C127BEB622690BDA00D27652 /* MapViewController.swift */; };
		C127BEB922698A3200D27652 /* Coordinates.swift in Sources */ = {isa = PBXBuildFile; fileRef = C127BEB822698A3200D27652 /* Coordinates.swift */; };
		C1974C56226B053100BAD66B /* POIItem.swift in Sources */ = {isa = PBXBuildFile; fileRef = C1974C55226B053100BAD66B /* POIItem.swift */; };
		C1D6E54422699E57003BF068 /* rgb.swift in Sources */ = {isa = PBXBuildFile; fileRef = C1D6E54322699E57003BF068 /* rgb.swift */; };
/* End PBXBuildFile section */

/* Begin PBXFileReference section */
		01DA9240472BD262586A4B79 /* libPods-atmMapApp.a */ = {isa = PBXFileReference; explicitFileType = archive.ar; includeInIndex = 0; path = "libPods-atmMapApp.a"; sourceTree = BUILT_PRODUCTS_DIR; };
		9367497FA6C178DA5A21B66B /* Pods-atmMapApp.release.xcconfig */ = {isa = PBXFileReference; includeInIndex = 1; lastKnownFileType = text.xcconfig; name = "Pods-atmMapApp.release.xcconfig"; path = "Target Support Files/Pods-atmMapApp/Pods-atmMapApp.release.xcconfig"; sourceTree = "<group>"; };
		C127BE8B2268CB0D00D27652 /* atmMapApp.app */ = {isa = PBXFileReference; explicitFileType = wrapper.application; includeInIndex = 0; path = atmMapApp.app; sourceTree = BUILT_PRODUCTS_DIR; };
		C127BE8E2268CB0D00D27652 /* AppDelegate.swift */ = {isa = PBXFileReference; lastKnownFileType = sourcecode.swift; path = AppDelegate.swift; sourceTree = "<group>"; };
		C127BE902268CB0D00D27652 /* TableViewController.swift */ = {isa = PBXFileReference; lastKnownFileType = sourcecode.swift; path = TableViewController.swift; sourceTree = "<group>"; };
		C127BE952268CB0E00D27652 /* Assets.xcassets */ = {isa = PBXFileReference; lastKnownFileType = folder.assetcatalog; path = Assets.xcassets; sourceTree = "<group>"; };
		C127BE982268CB0E00D27652 /* Base */ = {isa = PBXFileReference; lastKnownFileType = file.storyboard; name = Base; path = Base.lproj/LaunchScreen.storyboard; sourceTree = "<group>"; };
		C127BE9A2268CB0E00D27652 /* Info.plist */ = {isa = PBXFileReference; lastKnownFileType = text.plist.xml; path = Info.plist; sourceTree = "<group>"; };
		C127BEA02268CD4B00D27652 /* Atm.swift */ = {isa = PBXFileReference; lastKnownFileType = sourcecode.swift; path = Atm.swift; sourceTree = "<group>"; };
		C127BEA22268CF7800D27652 /* fetchAtmsJSON.swift */ = {isa = PBXFileReference; lastKnownFileType = sourcecode.swift; path = fetchAtmsJSON.swift; sourceTree = "<group>"; };
		C127BEB22268E84100D27652 /* TabBarController.swift */ = {isa = PBXFileReference; lastKnownFileType = sourcecode.swift; path = TabBarController.swift; sourceTree = "<group>"; };
		C127BEB4226907F300D27652 /* Podfile */ = {isa = PBXFileReference; lastKnownFileType = text; path = Podfile; sourceTree = "<group>"; xcLanguageSpecificationIdentifier = xcode.lang.ruby; };
		C127BEB622690BDA00D27652 /* MapViewController.swift */ = {isa = PBXFileReference; lastKnownFileType = sourcecode.swift; path = MapViewController.swift; sourceTree = "<group>"; };
		C127BEB822698A3200D27652 /* Coordinates.swift */ = {isa = PBXFileReference; lastKnownFileType = sourcecode.swift; path = Coordinates.swift; sourceTree = "<group>"; };
		C1974C54226AFE8200BAD66B /* GoogleMapsUtils-Bridge-Header.h */ = {isa = PBXFileReference; lastKnownFileType = sourcecode.c.h; path = "GoogleMapsUtils-Bridge-Header.h"; sourceTree = "<group>"; };
		C1974C55226B053100BAD66B /* POIItem.swift */ = {isa = PBXFileReference; lastKnownFileType = sourcecode.swift; path = POIItem.swift; sourceTree = "<group>"; };
		C1D6E54322699E57003BF068 /* rgb.swift */ = {isa = PBXFileReference; lastKnownFileType = sourcecode.swift; path = rgb.swift; sourceTree = "<group>"; };
		CB6CF4DA4B55ADA98229946D /* Pods-atmMapApp.debug.xcconfig */ = {isa = PBXFileReference; includeInIndex = 1; lastKnownFileType = text.xcconfig; name = "Pods-atmMapApp.debug.xcconfig"; path = "Target Support Files/Pods-atmMapApp/Pods-atmMapApp.debug.xcconfig"; sourceTree = "<group>"; };
/* End PBXFileReference section */

/* Begin PBXFrameworksBuildPhase section */
		C127BE882268CB0D00D27652 /* Frameworks */ = {
			isa = PBXFrameworksBuildPhase;
			buildActionMask = 2147483647;
			files = (
				3DF00C9BC39F6770E7B80472 /* libPods-atmMapApp.a in Frameworks */,
			);
			runOnlyForDeploymentPostprocessing = 0;
		};
/* End PBXFrameworksBuildPhase section */

/* Begin PBXGroup section */
		93E0D8A1AF522C6B34D47978 /* Frameworks */ = {
			isa = PBXGroup;
			children = (
				01DA9240472BD262586A4B79 /* libPods-atmMapApp.a */,
			);
			name = Frameworks;
			sourceTree = "<group>";
		};
		AC9D8E4BDB403A2F3997A691 /* Pods */ = {
			isa = PBXGroup;
			children = (
				CB6CF4DA4B55ADA98229946D /* Pods-atmMapApp.debug.xcconfig */,
				9367497FA6C178DA5A21B66B /* Pods-atmMapApp.release.xcconfig */,
			);
			path = Pods;
			sourceTree = "<group>";
		};
		C127BE822268CB0D00D27652 = {
			isa = PBXGroup;
			children = (
				C127BEB4226907F300D27652 /* Podfile */,
				C127BE8D2268CB0D00D27652 /* atmMapApp */,
				C127BE8C2268CB0D00D27652 /* Products */,
				AC9D8E4BDB403A2F3997A691 /* Pods */,
				93E0D8A1AF522C6B34D47978 /* Frameworks */,
			);
			sourceTree = "<group>";
		};
		C127BE8C2268CB0D00D27652 /* Products */ = {
			isa = PBXGroup;
			children = (
				C127BE8B2268CB0D00D27652 /* atmMapApp.app */,
			);
			name = Products;
			sourceTree = "<group>";
		};
		C127BE8D2268CB0D00D27652 /* atmMapApp */ = {
			isa = PBXGroup;
			children = (
				C1D6E54322699E57003BF068 /* rgb.swift */,
				C127BE8E2268CB0D00D27652 /* AppDelegate.swift */,
				C127BEA42268D95100D27652 /* Model */,
				C127BEA52268D9E200D27652 /* Controllers */,
				C127BE952268CB0E00D27652 /* Assets.xcassets */,
				C1974C54226AFE8200BAD66B /* GoogleMapsUtils-Bridge-Header.h */,
				C127BE972268CB0E00D27652 /* LaunchScreen.storyboard */,
				C127BE9A2268CB0E00D27652 /* Info.plist */,
			);
			path = atmMapApp;
			sourceTree = "<group>";
		};
		C127BEA42268D95100D27652 /* Model */ = {
			isa = PBXGroup;
			children = (
				C1974C55226B053100BAD66B /* POIItem.swift */,
				C127BEA02268CD4B00D27652 /* Atm.swift */,
				C127BEA22268CF7800D27652 /* fetchAtmsJSON.swift */,
				C127BEB822698A3200D27652 /* Coordinates.swift */,
			);
			path = Model;
			sourceTree = "<group>";
		};
		C127BEA52268D9E200D27652 /* Controllers */ = {
			isa = PBXGroup;
			children = (
				C127BEB22268E84100D27652 /* TabBarController.swift */,
				C127BE902268CB0D00D27652 /* TableViewController.swift */,
				C127BEB622690BDA00D27652 /* MapViewController.swift */,
			);
			path = Controllers;
			sourceTree = "<group>";
		};
/* End PBXGroup section */

/* Begin PBXNativeTarget section */
		C127BE8A2268CB0D00D27652 /* atmMapApp */ = {
			isa = PBXNativeTarget;
			buildConfigurationList = C127BE9D2268CB0E00D27652 /* Build configuration list for PBXNativeTarget "atmMapApp" */;
			buildPhases = (
				1A33B46E3AB36DEFC7012AEF /* [CP] Check Pods Manifest.lock */,
				C127BE872268CB0D00D27652 /* Sources */,
				C127BE882268CB0D00D27652 /* Frameworks */,
				C127BE892268CB0D00D27652 /* Resources */,
				8979C83A872CDDE772DCF4F0 /* [CP] Copy Pods Resources */,
			);
			buildRules = (
			);
			dependencies = (
			);
			name = atmMapApp;
			productName = atmMapApp;
			productReference = C127BE8B2268CB0D00D27652 /* atmMapApp.app */;
			productType = "com.apple.product-type.application";
		};
/* End PBXNativeTarget section */

/* Begin PBXProject section */
		C127BE832268CB0D00D27652 /* Project object */ = {
			isa = PBXProject;
			attributes = {
				LastSwiftUpdateCheck = 0940;
				LastUpgradeCheck = 0940;
				ORGANIZATIONNAME = godemodegame;
				TargetAttributes = {
					C127BE8A2268CB0D00D27652 = {
						CreatedOnToolsVersion = 9.4.1;
						LastSwiftMigration = 1020;
					};
				};
			};
			buildConfigurationList = C127BE862268CB0D00D27652 /* Build configuration list for PBXProject "atmMapApp" */;
			compatibilityVersion = "Xcode 9.3";
			developmentRegion = en;
			hasScannedForEncodings = 0;
			knownRegions = (
				en,
				Base,
			);
			mainGroup = C127BE822268CB0D00D27652;
			productRefGroup = C127BE8C2268CB0D00D27652 /* Products */;
			projectDirPath = "";
			projectRoot = "";
			targets = (
				C127BE8A2268CB0D00D27652 /* atmMapApp */,
			);
		};
/* End PBXProject section */

/* Begin PBXResourcesBuildPhase section */
		C127BE892268CB0D00D27652 /* Resources */ = {
			isa = PBXResourcesBuildPhase;
			buildActionMask = 2147483647;
			files = (
				C127BEB5226907F300D27652 /* Podfile in Resources */,
				C127BE992268CB0E00D27652 /* LaunchScreen.storyboard in Resources */,
				C127BE962268CB0E00D27652 /* Assets.xcassets in Resources */,
			);
			runOnlyForDeploymentPostprocessing = 0;
		};
/* End PBXResourcesBuildPhase section */

/* Begin PBXShellScriptBuildPhase section */
		1A33B46E3AB36DEFC7012AEF /* [CP] Check Pods Manifest.lock */ = {
			isa = PBXShellScriptBuildPhase;
			buildActionMask = 2147483647;
			files = (
			);
			inputPaths = (
				"${PODS_PODFILE_DIR_PATH}/Podfile.lock",
				"${PODS_ROOT}/Manifest.lock",
			);
			name = "[CP] Check Pods Manifest.lock";
			outputPaths = (
				"$(DERIVED_FILE_DIR)/Pods-atmMapApp-checkManifestLockResult.txt",
			);
			runOnlyForDeploymentPostprocessing = 0;
			shellPath = /bin/sh;
			shellScript = "diff \"${PODS_PODFILE_DIR_PATH}/Podfile.lock\" \"${PODS_ROOT}/Manifest.lock\" > /dev/null\nif [ $? != 0 ] ; then\n    # print error to STDERR\n    echo \"error: The sandbox is not in sync with the Podfile.lock. Run 'pod install' or update your CocoaPods installation.\" >&2\n    exit 1\nfi\n# This output is used by Xcode 'outputs' to avoid re-running this script phase.\necho \"SUCCESS\" > \"${SCRIPT_OUTPUT_FILE_0}\"\n";
			showEnvVarsInLog = 0;
		};
		8979C83A872CDDE772DCF4F0 /* [CP] Copy Pods Resources */ = {
			isa = PBXShellScriptBuildPhase;
			buildActionMask = 2147483647;
			files = (
			);
			inputPaths = (
				"${PODS_ROOT}/Target Support Files/Pods-atmMapApp/Pods-atmMapApp-resources.sh",
				"${PODS_ROOT}/GoogleMaps/Maps/Frameworks/GoogleMaps.framework/Resources/GoogleMaps.bundle",
			);
			name = "[CP] Copy Pods Resources";
			outputPaths = (
				"${TARGET_BUILD_DIR}/${UNLOCALIZED_RESOURCES_FOLDER_PATH}/GoogleMaps.bundle",
			);
			runOnlyForDeploymentPostprocessing = 0;
			shellPath = /bin/sh;
			shellScript = "\"${PODS_ROOT}/Target Support Files/Pods-atmMapApp/Pods-atmMapApp-resources.sh\"\n";
			showEnvVarsInLog = 0;
		};
/* End PBXShellScriptBuildPhase section */

/* Begin PBXSourcesBuildPhase section */
		C127BE872268CB0D00D27652 /* Sources */ = {
			isa = PBXSourcesBuildPhase;
			buildActionMask = 2147483647;
			files = (
				C127BEB32268E84100D27652 /* TabBarController.swift in Sources */,
				C127BEB722690BDA00D27652 /* MapViewController.swift in Sources */,
				C127BEB922698A3200D27652 /* Coordinates.swift in Sources */,
				C127BE912268CB0D00D27652 /* TableViewController.swift in Sources */,
				C127BE8F2268CB0D00D27652 /* AppDelegate.swift in Sources */,
				C127BEA12268CD4B00D27652 /* Atm.swift in Sources */,
				C127BEA32268CF7800D27652 /* fetchAtmsJSON.swift in Sources */,
				C1974C56226B053100BAD66B /* POIItem.swift in Sources */,
				C1D6E54422699E57003BF068 /* rgb.swift in Sources */,
			);
			runOnlyForDeploymentPostprocessing = 0;
		};
/* End PBXSourcesBuildPhase section */

/* Begin PBXVariantGroup section */
		C127BE972268CB0E00D27652 /* LaunchScreen.storyboard */ = {
			isa = PBXVariantGroup;
			children = (
				C127BE982268CB0E00D27652 /* Base */,
			);
			name = LaunchScreen.storyboard;
			sourceTree = "<group>";
		};
/* End PBXVariantGroup section */

/* Begin XCBuildConfiguration section */
		C127BE9B2268CB0E00D27652 /* Debug */ = {
			isa = XCBuildConfiguration;
			buildSettings = {
				ALWAYS_SEARCH_USER_PATHS = NO;
				CLANG_ANALYZER_NONNULL = YES;
				CLANG_ANALYZER_NUMBER_OBJECT_CONVERSION = YES_AGGRESSIVE;
				CLANG_CXX_LANGUAGE_STANDARD = "gnu++14";
				CLANG_CXX_LIBRARY = "libc++";
				CLANG_ENABLE_MODULES = YES;
				CLANG_ENABLE_OBJC_ARC = YES;
				CLANG_ENABLE_OBJC_WEAK = YES;
				CLANG_WARN_BLOCK_CAPTURE_AUTORELEASING = YES;
				CLANG_WARN_BOOL_CONVERSION = YES;
				CLANG_WARN_COMMA = YES;
				CLANG_WARN_CONSTANT_CONVERSION = YES;
				CLANG_WARN_DEPRECATED_OBJC_IMPLEMENTATIONS = YES;
				CLANG_WARN_DIRECT_OBJC_ISA_USAGE = YES_ERROR;
				CLANG_WARN_DOCUMENTATION_COMMENTS = YES;
				CLANG_WARN_EMPTY_BODY = YES;
				CLANG_WARN_ENUM_CONVERSION = YES;
				CLANG_WARN_INFINITE_RECURSION = YES;
				CLANG_WARN_INT_CONVERSION = YES;
				CLANG_WARN_NON_LITERAL_NULL_CONVERSION = YES;
				CLANG_WARN_OBJC_IMPLICIT_RETAIN_SELF = YES;
				CLANG_WARN_OBJC_LITERAL_CONVERSION = YES;
				CLANG_WARN_OBJC_ROOT_CLASS = YES_ERROR;
				CLANG_WARN_RANGE_LOOP_ANALYSIS = YES;
				CLANG_WARN_STRICT_PROTOTYPES = YES;
				CLANG_WARN_SUSPICIOUS_MOVE = YES;
				CLANG_WARN_UNGUARDED_AVAILABILITY = YES_AGGRESSIVE;
				CLANG_WARN_UNREACHABLE_CODE = YES;
				CLANG_WARN__DUPLICATE_METHOD_MATCH = YES;
				CODE_SIGN_IDENTITY = "iPhone Developer";
				COPY_PHASE_STRIP = NO;
				DEBUG_INFORMATION_FORMAT = dwarf;
				ENABLE_STRICT_OBJC_MSGSEND = YES;
				ENABLE_TESTABILITY = YES;
				GCC_C_LANGUAGE_STANDARD = gnu11;
				GCC_DYNAMIC_NO_PIC = NO;
				GCC_NO_COMMON_BLOCKS = YES;
				GCC_OPTIMIZATION_LEVEL = 0;
				GCC_PREPROCESSOR_DEFINITIONS = (
					"DEBUG=1",
					"$(inherited)",
				);
				GCC_WARN_64_TO_32_BIT_CONVERSION = YES;
				GCC_WARN_ABOUT_RETURN_TYPE = YES_ERROR;
				GCC_WARN_UNDECLARED_SELECTOR = YES;
				GCC_WARN_UNINITIALIZED_AUTOS = YES_AGGRESSIVE;
				GCC_WARN_UNUSED_FUNCTION = YES;
				GCC_WARN_UNUSED_VARIABLE = YES;
				IPHONEOS_DEPLOYMENT_TARGET = 11.4;
				MTL_ENABLE_DEBUG_INFO = YES;
				ONLY_ACTIVE_ARCH = YES;
				SDKROOT = iphoneos;
				SWIFT_ACTIVE_COMPILATION_CONDITIONS = DEBUG;
				SWIFT_OPTIMIZATION_LEVEL = "-Onone";
			};
			name = Debug;
		};
		C127BE9C2268CB0E00D27652 /* Release */ = {
			isa = XCBuildConfiguration;
			buildSettings = {
				ALWAYS_SEARCH_USER_PATHS = NO;
				CLANG_ANALYZER_NONNULL = YES;
				CLANG_ANALYZER_NUMBER_OBJECT_CONVERSION = YES_AGGRESSIVE;
				CLANG_CXX_LANGUAGE_STANDARD = "gnu++14";
				CLANG_CXX_LIBRARY = "libc++";
				CLANG_ENABLE_MODULES = YES;
				CLANG_ENABLE_OBJC_ARC = YES;
				CLANG_ENABLE_OBJC_WEAK = YES;
				CLANG_WARN_BLOCK_CAPTURE_AUTORELEASING = YES;
				CLANG_WARN_BOOL_CONVERSION = YES;
				CLANG_WARN_COMMA = YES;
				CLANG_WARN_CONSTANT_CONVERSION = YES;
				CLANG_WARN_DEPRECATED_OBJC_IMPLEMENTATIONS = YES;
				CLANG_WARN_DIRECT_OBJC_ISA_USAGE = YES_ERROR;
				CLANG_WARN_DOCUMENTATION_COMMENTS = YES;
				CLANG_WARN_EMPTY_BODY = YES;
				CLANG_WARN_ENUM_CONVERSION = YES;
				CLANG_WARN_INFINITE_RECURSION = YES;
				CLANG_WARN_INT_CONVERSION = YES;
				CLANG_WARN_NON_LITERAL_NULL_CONVERSION = YES;
				CLANG_WARN_OBJC_IMPLICIT_RETAIN_SELF = YES;
				CLANG_WARN_OBJC_LITERAL_CONVERSION = YES;
				CLANG_WARN_OBJC_ROOT_CLASS = YES_ERROR;
				CLANG_WARN_RANGE_LOOP_ANALYSIS = YES;
				CLANG_WARN_STRICT_PROTOTYPES = YES;
				CLANG_WARN_SUSPICIOUS_MOVE = YES;
				CLANG_WARN_UNGUARDED_AVAILABILITY = YES_AGGRESSIVE;
				CLANG_WARN_UNREACHABLE_CODE = YES;
				CLANG_WARN__DUPLICATE_METHOD_MATCH = YES;
				CODE_SIGN_IDENTITY = "iPhone Developer";
				COPY_PHASE_STRIP = NO;
				DEBUG_INFORMATION_FORMAT = "dwarf-with-dsym";
				ENABLE_NS_ASSERTIONS = NO;
				ENABLE_STRICT_OBJC_MSGSEND = YES;
				GCC_C_LANGUAGE_STANDARD = gnu11;
				GCC_NO_COMMON_BLOCKS = YES;
				GCC_WARN_64_TO_32_BIT_CONVERSION = YES;
				GCC_WARN_ABOUT_RETURN_TYPE = YES_ERROR;
				GCC_WARN_UNDECLARED_SELECTOR = YES;
				GCC_WARN_UNINITIALIZED_AUTOS = YES_AGGRESSIVE;
				GCC_WARN_UNUSED_FUNCTION = YES;
				GCC_WARN_UNUSED_VARIABLE = YES;
				IPHONEOS_DEPLOYMENT_TARGET = 11.4;
				MTL_ENABLE_DEBUG_INFO = NO;
				SDKROOT = iphoneos;
				SWIFT_COMPILATION_MODE = wholemodule;
				SWIFT_OPTIMIZATION_LEVEL = "-O";
				VALIDATE_PRODUCT = YES;
			};
			name = Release;
		};
		C127BE9E2268CB0E00D27652 /* Debug */ = {
			isa = XCBuildConfiguration;
			baseConfigurationReference = CB6CF4DA4B55ADA98229946D /* Pods-atmMapApp.debug.xcconfig */;
			buildSettings = {
				ASSETCATALOG_COMPILER_APPICON_NAME = AppIcon;
				CODE_SIGN_STYLE = Automatic;
				DEVELOPMENT_TEAM = N9SGQL8822;
				INFOPLIST_FILE = atmMapApp/Info.plist;
				LD_RUNPATH_SEARCH_PATHS = (
					"$(inherited)",
					"@executable_path/Frameworks",
				);
				PRODUCT_BUNDLE_IDENTIFIER = gmg.atmMapApp;
				PRODUCT_NAME = "$(TARGET_NAME)";
				SWIFT_OBJC_BRIDGING_HEADER = "./atmMapApp/GoogleMapsUtils-Bridge-Header.h";
				SWIFT_VERSION = 5.0;
				TARGETED_DEVICE_FAMILY = 1;
			};
			name = Debug;
		};
		C127BE9F2268CB0E00D27652 /* Release */ = {
			isa = XCBuildConfiguration;
			baseConfigurationReference = 9367497FA6C178DA5A21B66B /* Pods-atmMapApp.release.xcconfig */;
			buildSettings = {
				ASSETCATALOG_COMPILER_APPICON_NAME = AppIcon;
				CODE_SIGN_STYLE = Automatic;
				DEVELOPMENT_TEAM = N9SGQL8822;
				INFOPLIST_FILE = atmMapApp/Info.plist;
				LD_RUNPATH_SEARCH_PATHS = (
					"$(inherited)",
					"@executable_path/Frameworks",
				);
				PRODUCT_BUNDLE_IDENTIFIER = gmg.atmMapApp;
				PRODUCT_NAME = "$(TARGET_NAME)";
				SWIFT_OBJC_BRIDGING_HEADER = "./atmMapApp/GoogleMapsUtils-Bridge-Header.h";
				SWIFT_VERSION = 5.0;
				TARGETED_DEVICE_FAMILY = 1;
			};
			name = Release;
		};
/* End XCBuildConfiguration section */

/* Begin XCConfigurationList section */
		C127BE862268CB0D00D27652 /* Build configuration list for PBXProject "atmMapApp" */ = {
			isa = XCConfigurationList;
			buildConfigurations = (
				C127BE9B2268CB0E00D27652 /* Debug */,
				C127BE9C2268CB0E00D27652 /* Release */,
			);
			defaultConfigurationIsVisible = 0;
			defaultConfigurationName = Release;
		};
		C127BE9D2268CB0E00D27652 /* Build configuration list for PBXNativeTarget "atmMapApp" */ = {
			isa = XCConfigurationList;
			buildConfigurations = (
				C127BE9E2268CB0E00D27652 /* Debug */,
				C127BE9F2268CB0E00D27652 /* Release */,
			);
			defaultConfigurationIsVisible = 0;
			defaultConfigurationName = Release;
		};
/* End XCConfigurationList section */
	};
	rootObject = C127BE832268CB0D00D27652 /* Project object */;
}
